
Microsoft Visual Studio Solution File, Format Version 12.00
# Visual Studio Version 16
VisualStudioVersion = 16.0.30011.22
MinimumVisualStudioVersion = 10.0.40219.1
Project("{FAE04EC0-301F-11D3-BF4B-00C04F79EFBC}") = "Document_Management", "Document_Management.csproj", "{3FB840A4-0F71-4D29-9230-02EC80CC197A}"
EndProject
Global
	GlobalSection(SolutionConfigurationPlatforms) = preSolution
		Debug|Any CPU = Debug|Any CPU
		Release|Any CPU = Release|Any CPU
	EndGlobalSection
	GlobalSection(ProjectConfigurationPlatforms) = postSolution
		{3FB840A4-0F71-4D29-9230-02EC80CC197A}.Debug|Any CPU.ActiveCfg = Debug|Any CPU
		{3FB840A4-0F71-4D29-9230-02EC80CC197A}.Debug|Any CPU.Build.0 = Debug|Any CPU
		{3FB840A4-0F71-4D29-9230-02EC80CC197A}.Release|Any CPU.ActiveCfg = Release|Any CPU
		{3FB840A4-0F71-4D29-9230-02EC80CC197A}.Release|Any CPU.Build.0 = Release|Any CPU
	EndGlobalSection
	GlobalSection(SolutionProperties) = preSolution
		HideSolutionNode = FALSE
	EndGlobalSection
	GlobalSection(ExtensibilityGlobals) = postSolution
		SolutionGuid = {5EA1199A-BEFA-4C40-AC43-5D44ADC4BE5E}
	EndGlobalSection
EndGlobal
